{
  "name": "server",
  "version": "1.0.0",
  "lockfileVersion": 3,
  "requires": true,
  "packages": {
    "": {
      "name": "server",
      "version": "1.0.0",
      "license": "ISC",
      "dependencies": {
        "@tinyhttp/app": "^2.0.29",
        "@tinyhttp/cors": "^2.0.0",
        "llama-node": "^0.0.6",
        "tinyws": "^0.1.0",
        "ws": "^8.13.0"
      },
      "devDependencies": {
        "@types/node": "^18.15.10"
      }
    },
    "node_modules/@llama-node/core": {
      "version": "0.0.2",
      "resolved": "https://registry.npmjs.org/@llama-node/core/-/core-0.0.2.tgz",
      "integrity": "sha512-VcTkxBJI8v17SGxfFvUWvgP39qF9GYyQeaYbFszvf1Gx6mDfGkq1vZtWZBv6aAAz4RfKWtkvxcDXQAyi394tAQ==",
      "engines": {
        "node": ">= 10"
      }
    },
    "node_modules/@tinyhttp/accepts": {
      "version": "2.0.8",
      "resolved": "https://registry.npmjs.org/@tinyhttp/accepts/-/accepts-2.0.8.tgz",
      "integrity": "sha512-+/QwWAXDKiQwr1ce+azdCEbUFNv5MgJGr8/anwyIODFuFXVZ33iukgUeCSpszy7KvFB0RbuPXQjtMpii12ejuA==",
      "dependencies": {
        "es-mime-types": "^0.1.4",
        "negotiator": "^0.6.3"
      },
      "engines": {
        "node": ">=12.4.0"
      },
      "funding": {
        "type": "individual",
        "url": "https://github.com/tinyhttp/tinyhttp?sponsor=1"
      }
    },
    "node_modules/@tinyhttp/app": {
      "version": "2.0.29",
      "resolved": "https://registry.npmjs.org/@tinyhttp/app/-/app-2.0.29.tgz",
      "integrity": "sha512-KuHr4fQWm/aUAsBXoWhRYdhxTmZLrrHwUuY0Yh6wvq5+pBBaLxhiamJrPxDOT+K9fzcGtFxyVIped5DpC87t8g==",
      "dependencies": {
        "@tinyhttp/cookie": "2.0.6",
        "@tinyhttp/proxy-addr": "2.0.6",
        "@tinyhttp/req": "2.0.16",
        "@tinyhttp/res": "2.0.22",
        "@tinyhttp/router": "2.0.7",
        "header-range-parser": "1.1.3",
        "regexparam": "^2.0.1"
      },
      "engines": {
        "node": ">=12.x"
      },
      "funding": {
        "type": "individual",
        "url": "https://github.com/tinyhttp/tinyhttp?sponsor=1"
      }
    },
    "node_modules/@tinyhttp/content-disposition": {
      "version": "2.0.8",
      "resolved": "https://registry.npmjs.org/@tinyhttp/content-disposition/-/content-disposition-2.0.8.tgz",
      "integrity": "sha512-0r9i6tH0h17ww3RFS4VIrre7pBbsqjmdUCozeB1hGDhS6Ua/gsHk8k9+bcbaW75z137bCo0qHZ50BZ0gTV6Jvw==",
      "engines": {
        "node": ">=12.4.0"
      },
      "funding": {
        "type": "individual",
        "url": "https://github.com/tinyhttp/tinyhttp?sponsor=1"
      }
    },
    "node_modules/@tinyhttp/cookie": {
      "version": "2.0.6",
      "resolved": "https://registry.npmjs.org/@tinyhttp/cookie/-/cookie-2.0.6.tgz",
      "integrity": "sha512-aiRoK8YrzzcjHoL4kf1f44X6aCCWOkaMMnTfKYM4vmSEA2QNZPKU/DW1O06Wuv5TUHXnu2Kxtf0jV/OV1Inojg==",
      "engines": {
        "node": ">=12.4.0"
      },
      "funding": {
        "type": "individual",
        "url": "https://github.com/tinyhttp/tinyhttp?sponsor=1"
      }
    },
    "node_modules/@tinyhttp/cookie-signature": {
      "version": "2.0.6",
      "resolved": "https://registry.npmjs.org/@tinyhttp/cookie-signature/-/cookie-signature-2.0.6.tgz",
      "integrity": "sha512-ETEkKy9okt/hakLoNORK0a5UNzh6QEOJyngtb5fY1vbUc88phOio1mtq+iAPs45tlDx3scTk9mcmSglzbRFbXA==",
      "engines": {
        "node": ">=12.4.0"
      }
    },
    "node_modules/@tinyhttp/cors": {
      "version": "2.0.0",
      "resolved": "https://registry.npmjs.org/@tinyhttp/cors/-/cors-2.0.0.tgz",
      "integrity": "sha512-IwQsPBnK+gRrhTsPA4FPOfbNzZZt8cVsOIMNFb6HzoScaiWcoLEogL0Bz/aBSm8KM13uieVXoVT6udMqhqUS2A==",
      "dependencies": {
        "es-vary": "^0.1.1"
      },
      "engines": {
        "node": ">=12.4 || 14.x || >=16"
      }
    },
    "node_modules/@tinyhttp/encode-url": {
      "version": "2.0.7",
      "resolved": "https://registry.npmjs.org/@tinyhttp/encode-url/-/encode-url-2.0.7.tgz",
      "integrity": "sha512-YFOKF+WR4T08Gmldj6/fQVVRWlRqH7yvxpZwUGrxJi06ns73nkuS8ykFSm9/e+n69eRpnAcF+ZN2DKZYIa/Kcg==",
      "engines": {
        "node": ">=12.4.0"
      }
    },
    "node_modules/@tinyhttp/etag": {
      "version": "2.0.6",
      "resolved": "https://registry.npmjs.org/@tinyhttp/etag/-/etag-2.0.6.tgz",
      "integrity": "sha512-7mX8kERzYFKDz0MD2upgp1qjst8fbDq7dVOGp0V2+MPWUzhztLBuhJ1Pbu05QypDhSGPvkOM0onSnzbWkrv5ZQ==",
      "engines": {
        "node": ">=12.4.0"
      }
    },
    "node_modules/@tinyhttp/forwarded": {
      "version": "2.0.6",
      "resolved": "https://registry.npmjs.org/@tinyhttp/forwarded/-/forwarded-2.0.6.tgz",
      "integrity": "sha512-0DtpuA2KhnTdPlofhuy2KEbcvqLiDXLSqgDzZgxiyFTkcGaL5YzgUMNpNkRbczckJXC1BXgNCrxw58f9wS8nxw==",
      "engines": {
        "node": ">=12.4.0"
      }
    },
    "node_modules/@tinyhttp/proxy-addr": {
      "version": "2.0.6",
      "resolved": "https://registry.npmjs.org/@tinyhttp/proxy-addr/-/proxy-addr-2.0.6.tgz",
      "integrity": "sha512-fnw2tU8oyCsLvwmCgq/o0niWbh3tMTnP0ch2XqN7L8WiK2A+MAj3rQ6K+HoPDBpm4JISUKJEIZlsszH9z24Uyw==",
      "dependencies": {
        "@tinyhttp/forwarded": "2.0.6",
        "ipaddr.js": "^2.0.1"
      },
      "engines": {
        "node": ">=12.4.0"
      }
    },
    "node_modules/@tinyhttp/req": {
      "version": "2.0.16",
      "resolved": "https://registry.npmjs.org/@tinyhttp/req/-/req-2.0.16.tgz",
      "integrity": "sha512-zSDbusEf6qfAyGhUNAuMSPo81aaN67Fpluf0C+AR2CbKjzoDVaUhTyWqkA14x5QkJICHksmGObBJiXG32ln5mw==",
      "dependencies": {
        "@tinyhttp/accepts": "2.0.8",
        "@tinyhttp/type-is": "2.0.7",
        "@tinyhttp/url": "2.0.8",
        "es-fresh": "^0.0.11",
        "header-range-parser": "^1.1.3"
      },
      "engines": {
        "node": ">=12.4.0"
      }
    },
    "node_modules/@tinyhttp/res": {
      "version": "2.0.22",
      "resolved": "https://registry.npmjs.org/@tinyhttp/res/-/res-2.0.22.tgz",
      "integrity": "sha512-LsTCuBwZJxAsCdTTeiiQJ/53dlGNHie0UGdmO5GdDryIyy/0eWw314dbkRWWuRIpKBbaqIoAWY+PuDDsLLF5yA==",
      "dependencies": {
        "@tinyhttp/content-disposition": "2.0.8",
        "@tinyhttp/cookie": "2.0.6",
        "@tinyhttp/cookie-signature": "2.0.6",
        "@tinyhttp/encode-url": "2.0.7",
        "@tinyhttp/req": "2.0.16",
        "@tinyhttp/send": "2.0.8",
        "es-escape-html": "^0.1.1",
        "es-mime-types": "^0.1.4",
        "es-vary": "^0.1.2"
      },
      "engines": {
        "node": ">=12.4.0"
      }
    },
    "node_modules/@tinyhttp/router": {
      "version": "2.0.7",
      "resolved": "https://registry.npmjs.org/@tinyhttp/router/-/router-2.0.7.tgz",
      "integrity": "sha512-VuvsBk7GrSBDfY63xyYy2ryQ5iPXj9QBRhWgU28FojIzJSmMOMZiw9JFyhKl5X9mTmYdtxjRewPUxL9gGfG/DQ==",
      "engines": {
        "node": ">=12.4.0"
      }
    },
    "node_modules/@tinyhttp/send": {
      "version": "2.0.8",
      "resolved": "https://registry.npmjs.org/@tinyhttp/send/-/send-2.0.8.tgz",
      "integrity": "sha512-atmThMLKHV+Pldem8fynNZqWYTcRyoK98KB3FuXFueEBjjHVwhNENU51GIeCeFVFAywMIMlt2HReeJ+DzGpyUg==",
      "dependencies": {
        "@tinyhttp/etag": "2.0.6",
        "es-content-type": "^0.1.0",
        "es-mime-types": "^0.1.4"
      },
      "engines": {
        "node": ">=12.4.0"
      }
    },
    "node_modules/@tinyhttp/type-is": {
      "version": "2.0.7",
      "resolved": "https://registry.npmjs.org/@tinyhttp/type-is/-/type-is-2.0.7.tgz",
      "integrity": "sha512-UGxPNtjoAmJCro2FGOH8FWQSY3XVRB+/t5ZZcBmr0Jmg/FsH38OPSEhpqDTqAO0iojY7h/Rs0+d3cKd6PlOeog==",
      "dependencies": {
        "es-content-type": "^0.1.0",
        "es-mime-types": "^0.1.4"
      },
      "engines": {
        "node": ">=12.4.0"
      }
    },
    "node_modules/@tinyhttp/url": {
      "version": "2.0.8",
      "resolved": "https://registry.npmjs.org/@tinyhttp/url/-/url-2.0.8.tgz",
      "integrity": "sha512-Z3ZJ2tq2of7LAfzYqrtNH7jAi/2dSs10c2s1LpuLt1MjIyA2HtGB0x+LKvb7e5jbxOZlFBbeI3ubQODbGf7IKw==",
      "engines": {
        "node": ">=12.4.0"
      }
    },
    "node_modules/@types/node": {
      "version": "18.15.10",
      "resolved": "https://registry.npmjs.org/@types/node/-/node-18.15.10.tgz",
      "integrity": "sha512-9avDaQJczATcXgfmMAW3MIWArOO7A+m90vuCFLr8AotWf8igO/mRoYukrk2cqZVtv38tHs33retzHEilM7FpeQ==",
      "dev": true
    },
    "node_modules/es-content-type": {
      "version": "0.1.0",
      "resolved": "https://registry.npmjs.org/es-content-type/-/es-content-type-0.1.0.tgz",
      "integrity": "sha512-DqWU9pSzhNlO10q+NQ/KebImLkKbwbcy0pSv3hNQfEpKFHsrqDJz2vajpZdq7nkiG9DoJcTh22oHGymp7XJd9g==",
      "engines": {
        "node": ">=12.x"
      }
    },
    "node_modules/es-escape-html": {
      "version": "0.1.1",
      "resolved": "https://registry.npmjs.org/es-escape-html/-/es-escape-html-0.1.1.tgz",
      "integrity": "sha512-yUx1o+8RsG7UlszmYPtks+dm6Lho2m8lgHMOsLJQsFI0R8XwUJwiMhM1M4E/S8QLeGyf6MkDV/pWgjQ0tdTSyQ==",
      "engines": {
        "node": ">=12.x"
      }
    },
    "node_modules/es-fresh": {
      "version": "0.0.11",
      "resolved": "https://registry.npmjs.org/es-fresh/-/es-fresh-0.0.11.tgz",
      "integrity": "sha512-pMAgUE0jSWkCf4ua/gcweHdubuAS/wi3paHoBAPRwxfCK/R13oXq53yyN9XHewe0eIVqNlSN7FunxXySX2Q46Q==",
      "engines": {
        "node": ">=12.x"
      }
    },
    "node_modules/es-mime-types": {
      "version": "0.1.4",
      "resolved": "https://registry.npmjs.org/es-mime-types/-/es-mime-types-0.1.4.tgz",
      "integrity": "sha512-rUrmfrUIHU/4ykYB+YH80LDiSpmn6sE/A9E8EsFZP4LCtf/PH+ju6d6goFJ8fsGf81pRtQn1cJSmp8JGA9YkfQ==",
      "dependencies": {
        "mime-db": "^1.50.0"
      },
      "engines": {
        "node": ">=12.x"
      }
    },
    "node_modules/es-vary": {
      "version": "0.1.2",
      "resolved": "https://registry.npmjs.org/es-vary/-/es-vary-0.1.2.tgz",
      "integrity": "sha512-pLqqZoOutAXQXyBJrUYVNM5fZngiOJYi1Xl4svQMrluTsqDUOQlBMw9EYgLrsWL6niDYn/Yd1y2Pj6GC+j/yjA==",
      "engines": {
        "node": ">=12.x"
      }
    },
    "node_modules/header-range-parser": {
      "version": "1.1.3",
      "resolved": "https://registry.npmjs.org/header-range-parser/-/header-range-parser-1.1.3.tgz",
      "integrity": "sha512-B9zCFt3jH8g09LR1vHL4pcAn8yMEtlSlOUdQemzHMRKMImNIhhszdeosYFfNW0WXKQtXIlWB+O4owHJKvEJYaA==",
      "engines": {
        "node": ">=12.22.0"
      }
    },
    "node_modules/ipaddr.js": {
      "version": "2.0.1",
      "resolved": "https://registry.npmjs.org/ipaddr.js/-/ipaddr.js-2.0.1.tgz",
      "integrity": "sha512-1qTgH9NG+IIJ4yfKs2e6Pp1bZg8wbDbKHT21HrLIeYBTRLgMYKnMTPAuI3Lcs61nfx5h1xlXnbJtH1kX5/d/ng==",
      "engines": {
        "node": ">= 10"
      }
    },
    "node_modules/llama-node": {
      "version": "0.0.6",
      "resolved": "https://registry.npmjs.org/llama-node/-/llama-node-0.0.6.tgz",
      "integrity": "sha512-cIF5dd/TC88g3gv72t6xlWhWoY5QbPa5dYpixn53NjtM9Ygrt/W/E7jhsi2ZV67PQQb2D489BY4hHZ3ZS5MeNQ==",
      "dependencies": {
        "@llama-node/core": "0.0.2"
      },
      "peerDependencies": {
        "@llama-node/core": "0.0.2"
      }
    },
    "node_modules/mime-db": {
      "version": "1.52.0",
      "resolved": "https://registry.npmjs.org/mime-db/-/mime-db-1.52.0.tgz",
      "integrity": "sha512-sPU4uV7dYlvtWJxwwxHD0PuihVNiE7TyAbQ5SWxDCB9mUYvOgroQOwYQQOKPJ8CIbE+1ETVlOoK1UC2nU3gYvg==",
      "engines": {
        "node": ">= 0.6"
      }
    },
    "node_modules/negotiator": {
      "version": "0.6.3",
      "resolved": "https://registry.npmjs.org/negotiator/-/negotiator-0.6.3.tgz",
      "integrity": "sha512-+EUsqGPLsM+j/zdChZjsnX51g4XrHFOIXwfnCVPGlQk/k5giakcKsuxCObBRu6DSm9opw/O6slWbJdghQM4bBg==",
      "engines": {
        "node": ">= 0.6"
      }
    },
    "node_modules/regexparam": {
      "version": "2.0.1",
      "resolved": "https://registry.npmjs.org/regexparam/-/regexparam-2.0.1.tgz",
      "integrity": "sha512-zRgSaYemnNYxUv+/5SeoHI0eJIgTL/A2pUtXUPLHQxUldagouJ9p+K6IbIZ/JiQuCEv2E2B1O11SjVQy3aMCkw==",
      "engines": {
        "node": ">=8"
      }
    },
    "node_modules/tinyws": {
      "version": "0.1.0",
      "resolved": "https://registry.npmjs.org/tinyws/-/tinyws-0.1.0.tgz",
      "integrity": "sha512-6WQ2FlFM7qm6lAXxeKnzsAEfmnBHz5W5EwonNs52V0++YfK1IoCCAWM429afcChFE9BFrDgOFnq7ligaWMsa/A==",
      "engines": {
        "node": ">=12.4"
      },
      "peerDependencies": {
        "ws": ">=8"
      }
    },
    "node_modules/ws": {
      "version": "8.13.0",
      "resolved": "https://registry.npmjs.org/ws/-/ws-8.13.0.tgz",
      "integrity": "sha512-x9vcZYTrFPC7aSIbj7sRCYo7L/Xb8Iy+pW0ng0wt2vCJv7M9HOMy0UoN3rr+IFC7hb7vXoqS+P9ktyLLLhO+LA==",
      "engines": {
        "node": ">=10.0.0"
      },
      "peerDependencies": {
        "bufferutil": "^4.0.1",
        "utf-8-validate": ">=5.0.2"
      },
      "peerDependenciesMeta": {
        "bufferutil": {
          "optional": true
        },
        "utf-8-validate": {
          "optional": true
        }
      }
    }
  }
}
